
Microsoft Visual Studio Solution File, Format Version 12.00
# Visual Studio Version 17
VisualStudioVersion = 17.9.34723.18
MinimumVisualStudioVersion = 10.0.40219.1
Project("{9A19103F-16F7-4668-BE54-9A1E7A4F7556}") = "AdvanceToDo", "AdvanceToDo\AdvanceToDo.csproj", "{63BAA64C-BD93-4C69-9F36-AD340727F2B7}"
EndProject
Global
	GlobalSection(SolutionConfigurationPlatforms) = preSolution
		Debug|Any CPU = Debug|Any CPU
		Release|Any CPU = Release|Any CPU
	EndGlobalSection
	GlobalSection(ProjectConfigurationPlatforms) = postSolution
		{63BAA64C-BD93-4C69-9F36-AD340727F2B7}.Debug|Any CPU.ActiveCfg = Debug|Any CPU
		{63BAA64C-BD93-4C69-9F36-AD340727F2B7}.Debug|Any CPU.Build.0 = Debug|Any CPU
		{63BAA64C-BD93-4C69-9F36-AD340727F2B7}.Release|Any CPU.ActiveCfg = Release|Any CPU
		{63BAA64C-BD93-4C69-9F36-AD340727F2B7}.Release|Any CPU.Build.0 = Release|Any CPU
	EndGlobalSection
	GlobalSection(SolutionProperties) = preSolution
		HideSolutionNode = FALSE
	EndGlobalSection
	GlobalSection(ExtensibilityGlobals) = postSolution
		SolutionGuid = {7EA9B781-CF2A-4D08-8A4C-BF937679BC38}
	EndGlobalSection
EndGlobal
